
Microsoft Visual Studio Solution File, Format Version 12.00
# Visual Studio Version 17
VisualStudioVersion = 17.9.34902.65
MinimumVisualStudioVersion = 10.0.40219.1
Project("{9A19103F-16F7-4668-BE54-9A1E7A4F7556}") = "RabbitMQRPCServer", "RabbitMQRPServer\RabbitMQRPCServer.csproj", "{73CFC9B3-56B3-4BA1-9225-143D8D7EA88A}"
EndProject
Project("{9A19103F-16F7-4668-BE54-9A1E7A4F7556}") = "RabbitMQRPCClient", "RabbitMQRPClient\RabbitMQRPCClient.csproj", "{89082AE2-F6D1-4F83-BE97-0850F4A329BB}"
EndProject
Project("{9A19103F-16F7-4668-BE54-9A1E7A4F7556}") = "RabbitMQTests", "RabbitMQTests\RabbitMQTests.csproj", "{7205DB7E-49B6-4AFC-AE1C-843038E215F9}"
EndProject
Global
	GlobalSection(SolutionConfigurationPlatforms) = preSolution
		Debug|Any CPU = Debug|Any CPU
		Release|Any CPU = Release|Any CPU
	EndGlobalSection
	GlobalSection(ProjectConfigurationPlatforms) = postSolution
		{73CFC9B3-56B3-4BA1-9225-143D8D7EA88A}.Debug|Any CPU.ActiveCfg = Debug|Any CPU
		{73CFC9B3-56B3-4BA1-9225-143D8D7EA88A}.Debug|Any CPU.Build.0 = Debug|Any CPU
		{73CFC9B3-56B3-4BA1-9225-143D8D7EA88A}.Release|Any CPU.ActiveCfg = Release|Any CPU
		{73CFC9B3-56B3-4BA1-9225-143D8D7EA88A}.Release|Any CPU.Build.0 = Release|Any CPU
		{89082AE2-F6D1-4F83-BE97-0850F4A329BB}.Debug|Any CPU.ActiveCfg = Debug|Any CPU
		{89082AE2-F6D1-4F83-BE97-0850F4A329BB}.Debug|Any CPU.Build.0 = Debug|Any CPU
		{89082AE2-F6D1-4F83-BE97-0850F4A329BB}.Release|Any CPU.ActiveCfg = Release|Any CPU
		{89082AE2-F6D1-4F83-BE97-0850F4A329BB}.Release|Any CPU.Build.0 = Release|Any CPU
		{7205DB7E-49B6-4AFC-AE1C-843038E215F9}.Debug|Any CPU.ActiveCfg = Debug|Any CPU
		{7205DB7E-49B6-4AFC-AE1C-843038E215F9}.Debug|Any CPU.Build.0 = Debug|Any CPU
		{7205DB7E-49B6-4AFC-AE1C-843038E215F9}.Release|Any CPU.ActiveCfg = Release|Any CPU
		{7205DB7E-49B6-4AFC-AE1C-843038E215F9}.Release|Any CPU.Build.0 = Release|Any CPU
	EndGlobalSection
	GlobalSection(SolutionProperties) = preSolution
		HideSolutionNode = FALSE
	EndGlobalSection
	GlobalSection(ExtensibilityGlobals) = postSolution
		SolutionGuid = {DD5F97EA-8F8F-45B3-9FD6-703C9004B795}
	EndGlobalSection
EndGlobal
