
Microsoft Visual Studio Solution File, Format Version 12.00
# Visual Studio Version 17
VisualStudioVersion = 17.5.002.0
MinimumVisualStudioVersion = 10.0.40219.1
Project("{9A19103F-16F7-4668-BE54-9A1E7A4F7556}") = "aspnet-sample", "aspnet-sample.csproj", "{02476FFE-6AA9-4BFE-B53D-73B83314AA77}"
EndProject
Global
	GlobalSection(SolutionConfigurationPlatforms) = preSolution
		Debug|Any CPU = Debug|Any CPU
		Release|Any CPU = Release|Any CPU
	EndGlobalSection
	GlobalSection(ProjectConfigurationPlatforms) = postSolution
		{02476FFE-6AA9-4BFE-B53D-73B83314AA77}.Debug|Any CPU.ActiveCfg = Debug|Any CPU
		{02476FFE-6AA9-4BFE-B53D-73B83314AA77}.Debug|Any CPU.Build.0 = Debug|Any CPU
		{02476FFE-6AA9-4BFE-B53D-73B83314AA77}.Release|Any CPU.ActiveCfg = Release|Any CPU
		{02476FFE-6AA9-4BFE-B53D-73B83314AA77}.Release|Any CPU.Build.0 = Release|Any CPU
	EndGlobalSection
	GlobalSection(SolutionProperties) = preSolution
		HideSolutionNode = FALSE
	EndGlobalSection
	GlobalSection(ExtensibilityGlobals) = postSolution
		SolutionGuid = {5D59E104-7C35-4DCA-A34F-7E12C33B15DF}
	EndGlobalSection
EndGlobal
