
Microsoft Visual Studio Solution File, Format Version 12.00
# Visual Studio Version 17
VisualStudioVersion = 17.4.33205.214
MinimumVisualStudioVersion = 10.0.40219.1
Project("{9A19103F-16F7-4668-BE54-9A1E7A4F7556}") = "GrpcService", "GrpcService\GrpcService.csproj", "{8D1A6DBE-2792-4291-B86E-14833CF90EEE}"
EndProject
Project("{9A19103F-16F7-4668-BE54-9A1E7A4F7556}") = "GrpcClient", "GrpcClient\GrpcClient.csproj", "{33EE24ED-0E83-47E6-917C-0ADE5C786D12}"
EndProject
Global
	GlobalSection(SolutionConfigurationPlatforms) = preSolution
		Debug|Any CPU = Debug|Any CPU
		Release|Any CPU = Release|Any CPU
	EndGlobalSection
	GlobalSection(ProjectConfigurationPlatforms) = postSolution
		{8D1A6DBE-2792-4291-B86E-14833CF90EEE}.Debug|Any CPU.ActiveCfg = Debug|Any CPU
		{8D1A6DBE-2792-4291-B86E-14833CF90EEE}.Debug|Any CPU.Build.0 = Debug|Any CPU
		{8D1A6DBE-2792-4291-B86E-14833CF90EEE}.Release|Any CPU.ActiveCfg = Release|Any CPU
		{8D1A6DBE-2792-4291-B86E-14833CF90EEE}.Release|Any CPU.Build.0 = Release|Any CPU
		{33EE24ED-0E83-47E6-917C-0ADE5C786D12}.Debug|Any CPU.ActiveCfg = Debug|Any CPU
		{33EE24ED-0E83-47E6-917C-0ADE5C786D12}.Debug|Any CPU.Build.0 = Debug|Any CPU
		{33EE24ED-0E83-47E6-917C-0ADE5C786D12}.Release|Any CPU.ActiveCfg = Release|Any CPU
		{33EE24ED-0E83-47E6-917C-0ADE5C786D12}.Release|Any CPU.Build.0 = Release|Any CPU
	EndGlobalSection
	GlobalSection(SolutionProperties) = preSolution
		HideSolutionNode = FALSE
	EndGlobalSection
	GlobalSection(ExtensibilityGlobals) = postSolution
		SolutionGuid = {8F44E3CB-E7E2-40A3-9C09-283193B57C60}
	EndGlobalSection
EndGlobal
