
Microsoft Visual Studio Solution File, Format Version 12.00
# Visual Studio Version 17
VisualStudioVersion = 17.0.31903.59
MinimumVisualStudioVersion = 10.0.40219.1
Project("{2150E333-8FDC-42A3-9474-1A3956D46DE8}") = "RabbitMQ", "RabbitMQ", "{847B1D0A-A7BF-423A-8EB2-98FB3818BD35}"
EndProject
Project("{9A19103F-16F7-4668-BE54-9A1E7A4F7556}") = "RabbitMQTests", "RabbitMQ\RabbitMQTests\RabbitMQTests.csproj", "{04C7D44F-1CE5-4091-9029-6B89C5C13A52}"
EndProject
Project("{9A19103F-16F7-4668-BE54-9A1E7A4F7556}") = "RabbitMQRPCServer", "RabbitMQ\RabbitMQRPServer\RabbitMQRPCServer.csproj", "{3A9D16A9-1725-41C6-A9A2-9AEC747321E4}"
EndProject
Project("{9A19103F-16F7-4668-BE54-9A1E7A4F7556}") = "RabbitMQRPCClient", "RabbitMQ\RabbitMQRPClient\RabbitMQRPCClient.csproj", "{5294C3D3-DF4E-400D-A82E-7B72CF5F5FEB}"
EndProject
Project("{9A19103F-16F7-4668-BE54-9A1E7A4F7556}") = "MassTransitProject", "RabbitMQ\MassTransitTests\MassTransitProject.csproj", "{D0F96B44-EDB1-40AE-AF0D-E91299076EEE}"
EndProject
Project("{2150E333-8FDC-42A3-9474-1A3956D46DE8}") = "SignalR", "SignalR", "{673B75C4-11C5-4939-B9BF-7FCC636BF28E}"
EndProject
Project("{9A19103F-16F7-4668-BE54-9A1E7A4F7556}") = "SignalRChat", "SignalRChat\SignalRChat.csproj", "{D45C92A3-3911-40CC-9941-2D40147AB211}"
EndProject
Project("{2150E333-8FDC-42A3-9474-1A3956D46DE8}") = "Grpc", "Grpc", "{C9E63858-80EA-4428-9ABA-06CA7E81B9BE}"
EndProject
Project("{9A19103F-16F7-4668-BE54-9A1E7A4F7556}") = "GrpcClient", "Grpc\GrpcClient\GrpcClient.csproj", "{D899282D-D975-4B44-9516-E9EFF6E38BE4}"
EndProject
Project("{9A19103F-16F7-4668-BE54-9A1E7A4F7556}") = "GrpcService", "Grpc\GrpcService\GrpcService.csproj", "{C960D72B-3AD3-4F62-BDF5-BAC9E3559C66}"
EndProject
Project("{9A19103F-16F7-4668-BE54-9A1E7A4F7556}") = "TempConsole", "Temp\TempConsole\TempConsole.csproj", "{CD5610ED-5AA3-4FAC-A5E1-03BE90995836}"
EndProject
Project("{2150E333-8FDC-42A3-9474-1A3956D46DE8}") = "Temp", "Temp", "{11E04E1D-F59E-4304-A6D9-34A7D70EA173}"
EndProject
Global
	GlobalSection(SolutionConfigurationPlatforms) = preSolution
		Debug|Any CPU = Debug|Any CPU
		Release|Any CPU = Release|Any CPU
	EndGlobalSection
	GlobalSection(ProjectConfigurationPlatforms) = postSolution
		{04C7D44F-1CE5-4091-9029-6B89C5C13A52}.Debug|Any CPU.ActiveCfg = Debug|Any CPU
		{04C7D44F-1CE5-4091-9029-6B89C5C13A52}.Debug|Any CPU.Build.0 = Debug|Any CPU
		{04C7D44F-1CE5-4091-9029-6B89C5C13A52}.Release|Any CPU.ActiveCfg = Release|Any CPU
		{04C7D44F-1CE5-4091-9029-6B89C5C13A52}.Release|Any CPU.Build.0 = Release|Any CPU
		{3A9D16A9-1725-41C6-A9A2-9AEC747321E4}.Debug|Any CPU.ActiveCfg = Debug|Any CPU
		{3A9D16A9-1725-41C6-A9A2-9AEC747321E4}.Debug|Any CPU.Build.0 = Debug|Any CPU
		{3A9D16A9-1725-41C6-A9A2-9AEC747321E4}.Release|Any CPU.ActiveCfg = Release|Any CPU
		{3A9D16A9-1725-41C6-A9A2-9AEC747321E4}.Release|Any CPU.Build.0 = Release|Any CPU
		{5294C3D3-DF4E-400D-A82E-7B72CF5F5FEB}.Debug|Any CPU.ActiveCfg = Debug|Any CPU
		{5294C3D3-DF4E-400D-A82E-7B72CF5F5FEB}.Debug|Any CPU.Build.0 = Debug|Any CPU
		{5294C3D3-DF4E-400D-A82E-7B72CF5F5FEB}.Release|Any CPU.ActiveCfg = Release|Any CPU
		{5294C3D3-DF4E-400D-A82E-7B72CF5F5FEB}.Release|Any CPU.Build.0 = Release|Any CPU
		{D0F96B44-EDB1-40AE-AF0D-E91299076EEE}.Debug|Any CPU.ActiveCfg = Debug|Any CPU
		{D0F96B44-EDB1-40AE-AF0D-E91299076EEE}.Debug|Any CPU.Build.0 = Debug|Any CPU
		{D0F96B44-EDB1-40AE-AF0D-E91299076EEE}.Release|Any CPU.ActiveCfg = Release|Any CPU
		{D0F96B44-EDB1-40AE-AF0D-E91299076EEE}.Release|Any CPU.Build.0 = Release|Any CPU
		{D45C92A3-3911-40CC-9941-2D40147AB211}.Debug|Any CPU.ActiveCfg = Debug|Any CPU
		{D45C92A3-3911-40CC-9941-2D40147AB211}.Debug|Any CPU.Build.0 = Debug|Any CPU
		{D45C92A3-3911-40CC-9941-2D40147AB211}.Release|Any CPU.ActiveCfg = Release|Any CPU
		{D45C92A3-3911-40CC-9941-2D40147AB211}.Release|Any CPU.Build.0 = Release|Any CPU
		{D899282D-D975-4B44-9516-E9EFF6E38BE4}.Debug|Any CPU.ActiveCfg = Debug|Any CPU
		{D899282D-D975-4B44-9516-E9EFF6E38BE4}.Debug|Any CPU.Build.0 = Debug|Any CPU
		{D899282D-D975-4B44-9516-E9EFF6E38BE4}.Release|Any CPU.ActiveCfg = Release|Any CPU
		{D899282D-D975-4B44-9516-E9EFF6E38BE4}.Release|Any CPU.Build.0 = Release|Any CPU
		{C960D72B-3AD3-4F62-BDF5-BAC9E3559C66}.Debug|Any CPU.ActiveCfg = Debug|Any CPU
		{C960D72B-3AD3-4F62-BDF5-BAC9E3559C66}.Debug|Any CPU.Build.0 = Debug|Any CPU
		{C960D72B-3AD3-4F62-BDF5-BAC9E3559C66}.Release|Any CPU.ActiveCfg = Release|Any CPU
		{C960D72B-3AD3-4F62-BDF5-BAC9E3559C66}.Release|Any CPU.Build.0 = Release|Any CPU
		{CD5610ED-5AA3-4FAC-A5E1-03BE90995836}.Debug|Any CPU.ActiveCfg = Debug|Any CPU
		{CD5610ED-5AA3-4FAC-A5E1-03BE90995836}.Debug|Any CPU.Build.0 = Debug|Any CPU
		{CD5610ED-5AA3-4FAC-A5E1-03BE90995836}.Release|Any CPU.ActiveCfg = Release|Any CPU
		{CD5610ED-5AA3-4FAC-A5E1-03BE90995836}.Release|Any CPU.Build.0 = Release|Any CPU
	EndGlobalSection
	GlobalSection(SolutionProperties) = preSolution
		HideSolutionNode = FALSE
	EndGlobalSection
	GlobalSection(NestedProjects) = preSolution
		{04C7D44F-1CE5-4091-9029-6B89C5C13A52} = {847B1D0A-A7BF-423A-8EB2-98FB3818BD35}
		{3A9D16A9-1725-41C6-A9A2-9AEC747321E4} = {847B1D0A-A7BF-423A-8EB2-98FB3818BD35}
		{5294C3D3-DF4E-400D-A82E-7B72CF5F5FEB} = {847B1D0A-A7BF-423A-8EB2-98FB3818BD35}
		{D0F96B44-EDB1-40AE-AF0D-E91299076EEE} = {847B1D0A-A7BF-423A-8EB2-98FB3818BD35}
		{D45C92A3-3911-40CC-9941-2D40147AB211} = {673B75C4-11C5-4939-B9BF-7FCC636BF28E}
		{D899282D-D975-4B44-9516-E9EFF6E38BE4} = {C9E63858-80EA-4428-9ABA-06CA7E81B9BE}
		{C960D72B-3AD3-4F62-BDF5-BAC9E3559C66} = {C9E63858-80EA-4428-9ABA-06CA7E81B9BE}
		{CD5610ED-5AA3-4FAC-A5E1-03BE90995836} = {11E04E1D-F59E-4304-A6D9-34A7D70EA173}
	EndGlobalSection
	GlobalSection(ExtensibilityGlobals) = postSolution
		SolutionGuid = {188C6C8F-2870-4159-AC66-C7BEB67CE089}
	EndGlobalSection
EndGlobal
