
Microsoft Visual Studio Solution File, Format Version 12.00
# Visual Studio Version 17
VisualStudioVersion = 17.0.31903.59
MinimumVisualStudioVersion = 10.0.40219.1
Project("{9A19103F-16F7-4668-BE54-9A1E7A4F7556}") = "TempConsole", "TempConsole\TempConsole.csproj", "{8CD21939-9D39-4467-9212-17634320BC60}"
EndProject
Project("{9A19103F-16F7-4668-BE54-9A1E7A4F7556}") = "Diagnostics", "Diagnostics\Diagnostics.csproj", "{459843E8-71A6-49D1-8F8B-7A8B532AE44B}"
EndProject
Project("{2150E333-8FDC-42A3-9474-1A3956D46DE8}") = "RabbitMQ", "RabbitMQ", "{847B1D0A-A7BF-423A-8EB2-98FB3818BD35}"
EndProject
Project("{9A19103F-16F7-4668-BE54-9A1E7A4F7556}") = "RabbitMQTests", "RabbitMQ\RabbitMQTests\RabbitMQTests.csproj", "{04C7D44F-1CE5-4091-9029-6B89C5C13A52}"
EndProject
Project("{9A19103F-16F7-4668-BE54-9A1E7A4F7556}") = "RabbitMQRPCServer", "RabbitMQ\RabbitMQRPServer\RabbitMQRPCServer.csproj", "{3A9D16A9-1725-41C6-A9A2-9AEC747321E4}"
EndProject
Project("{9A19103F-16F7-4668-BE54-9A1E7A4F7556}") = "RabbitMQRPCClient", "RabbitMQ\RabbitMQRPClient\RabbitMQRPCClient.csproj", "{5294C3D3-DF4E-400D-A82E-7B72CF5F5FEB}"
EndProject
Project("{9A19103F-16F7-4668-BE54-9A1E7A4F7556}") = "MassTransitTests", "RabbitMQ\MassTransitTests\MassTransitTests.csproj", "{D0F96B44-EDB1-40AE-AF0D-E91299076EEE}"
EndProject
Global
	GlobalSection(SolutionConfigurationPlatforms) = preSolution
		Debug|Any CPU = Debug|Any CPU
		Release|Any CPU = Release|Any CPU
	EndGlobalSection
	GlobalSection(ProjectConfigurationPlatforms) = postSolution
		{8CD21939-9D39-4467-9212-17634320BC60}.Debug|Any CPU.ActiveCfg = Debug|Any CPU
		{8CD21939-9D39-4467-9212-17634320BC60}.Debug|Any CPU.Build.0 = Debug|Any CPU
		{8CD21939-9D39-4467-9212-17634320BC60}.Release|Any CPU.ActiveCfg = Release|Any CPU
		{8CD21939-9D39-4467-9212-17634320BC60}.Release|Any CPU.Build.0 = Release|Any CPU
		{459843E8-71A6-49D1-8F8B-7A8B532AE44B}.Debug|Any CPU.ActiveCfg = Debug|Any CPU
		{459843E8-71A6-49D1-8F8B-7A8B532AE44B}.Debug|Any CPU.Build.0 = Debug|Any CPU
		{459843E8-71A6-49D1-8F8B-7A8B532AE44B}.Release|Any CPU.ActiveCfg = Release|Any CPU
		{459843E8-71A6-49D1-8F8B-7A8B532AE44B}.Release|Any CPU.Build.0 = Release|Any CPU
		{04C7D44F-1CE5-4091-9029-6B89C5C13A52}.Debug|Any CPU.ActiveCfg = Debug|Any CPU
		{04C7D44F-1CE5-4091-9029-6B89C5C13A52}.Debug|Any CPU.Build.0 = Debug|Any CPU
		{04C7D44F-1CE5-4091-9029-6B89C5C13A52}.Release|Any CPU.ActiveCfg = Release|Any CPU
		{04C7D44F-1CE5-4091-9029-6B89C5C13A52}.Release|Any CPU.Build.0 = Release|Any CPU
		{3A9D16A9-1725-41C6-A9A2-9AEC747321E4}.Debug|Any CPU.ActiveCfg = Debug|Any CPU
		{3A9D16A9-1725-41C6-A9A2-9AEC747321E4}.Debug|Any CPU.Build.0 = Debug|Any CPU
		{3A9D16A9-1725-41C6-A9A2-9AEC747321E4}.Release|Any CPU.ActiveCfg = Release|Any CPU
		{3A9D16A9-1725-41C6-A9A2-9AEC747321E4}.Release|Any CPU.Build.0 = Release|Any CPU
		{5294C3D3-DF4E-400D-A82E-7B72CF5F5FEB}.Debug|Any CPU.ActiveCfg = Debug|Any CPU
		{5294C3D3-DF4E-400D-A82E-7B72CF5F5FEB}.Debug|Any CPU.Build.0 = Debug|Any CPU
		{5294C3D3-DF4E-400D-A82E-7B72CF5F5FEB}.Release|Any CPU.ActiveCfg = Release|Any CPU
		{5294C3D3-DF4E-400D-A82E-7B72CF5F5FEB}.Release|Any CPU.Build.0 = Release|Any CPU
		{D0F96B44-EDB1-40AE-AF0D-E91299076EEE}.Debug|Any CPU.ActiveCfg = Debug|Any CPU
		{D0F96B44-EDB1-40AE-AF0D-E91299076EEE}.Debug|Any CPU.Build.0 = Debug|Any CPU
		{D0F96B44-EDB1-40AE-AF0D-E91299076EEE}.Release|Any CPU.ActiveCfg = Release|Any CPU
		{D0F96B44-EDB1-40AE-AF0D-E91299076EEE}.Release|Any CPU.Build.0 = Release|Any CPU
	EndGlobalSection
	GlobalSection(SolutionProperties) = preSolution
		HideSolutionNode = FALSE
	EndGlobalSection
	GlobalSection(NestedProjects) = preSolution
		{04C7D44F-1CE5-4091-9029-6B89C5C13A52} = {847B1D0A-A7BF-423A-8EB2-98FB3818BD35}
		{3A9D16A9-1725-41C6-A9A2-9AEC747321E4} = {847B1D0A-A7BF-423A-8EB2-98FB3818BD35}
		{5294C3D3-DF4E-400D-A82E-7B72CF5F5FEB} = {847B1D0A-A7BF-423A-8EB2-98FB3818BD35}
	EndGlobalSection
	GlobalSection(ExtensibilityGlobals) = postSolution
		SolutionGuid = {188C6C8F-2870-4159-AC66-C7BEB67CE089}
	EndGlobalSection
EndGlobal
